
Microsoft Visual Studio Solution File, Format Version 12.00
# Visual Studio Version 17
VisualStudioVersion = 17.3.32901.215
MinimumVisualStudioVersion = 10.0.40219.1
Project("{9A19103F-16F7-4668-BE54-9A1E7A4F7556}") = "WebFormsCore.Parser", "src\WebFormsCore.Parser\WebFormsCore.Parser.csproj", "{33106B64-623F-4DAB-B310-61E5722FDC50}"
EndProject
Project("{9A19103F-16F7-4668-BE54-9A1E7A4F7556}") = "WebFormsCore.SourceGenerator", "src\WebFormsCore.SourceGenerator\WebFormsCore.SourceGenerator.csproj", "{CFDDED25-A251-4FFD-A09D-D02C31E60AB3}"
EndProject
Project("{9A19103F-16F7-4668-BE54-9A1E7A4F7556}") = "WebFormsCore", "src\WebFormsCore\WebFormsCore.csproj", "{881FCCCB-A725-4631-8E3D-8A745D2B45DB}"
EndProject
Project("{2150E333-8FDC-42A3-9474-1A3956D46DE8}") = "Tests", "Tests", "{726D3801-795C-4C82-8B50-4AB15C7F004B}"
EndProject
Project("{9A19103F-16F7-4668-BE54-9A1E7A4F7556}") = "WebFormsCore.SourceGenerator.Tests", "tests\WebFormsCore.SourceGenerator.Tests\WebFormsCore.SourceGenerator.Tests.csproj", "{08DE48DE-29C0-4F46-947C-C6F470475A2A}"
EndProject
Project("{2150E333-8FDC-42A3-9474-1A3956D46DE8}") = "Examples", "Examples", "{210D9008-25A9-4ABE-8C8C-A7FDDC3381F6}"
EndProject
Project("{9A19103F-16F7-4668-BE54-9A1E7A4F7556}") = "WebFormsCore.Example", "examples\WebFormsCore.Example\WebFormsCore.Example.csproj", "{C3CC0944-3BB8-449F-97AF-27D574160E65}"
EndProject
Project("{9A19103F-16F7-4668-BE54-9A1E7A4F7556}") = "WebFormsCore.Tests", "tests\WebFormsCore.Tests\WebFormsCore.Tests.csproj", "{1BF92442-DB6E-468C-8070-3736A855677B}"
EndProject
Project("{778DAE3C-4631-46EA-AA77-85C1314464D9}") = "WebFormsCore.VisualBasic.Example", "examples\WebFormsCore.VisualBasic.Example\WebFormsCore.VisualBasic.Example.vbproj", "{CC7EECA5-D7AF-4727-A169-84A59B532093}"
EndProject
Project("{9A19103F-16F7-4668-BE54-9A1E7A4F7556}") = "WebForms.Parser.Tests", "tests\WebForms.Parser.Tests\WebForms.Parser.Tests.csproj", "{84EEE407-78A2-4729-8ECC-DA59DBE9FF1F}"
EndProject
Project("{2150E333-8FDC-42A3-9474-1A3956D46DE8}") = "Tools", "Tools", "{15241878-5EF2-4C83-B402-3709025FACA6}"
EndProject
Project("{9A19103F-16F7-4668-BE54-9A1E7A4F7556}") = "CompareWebForms", "tools\CompareWebForms\CompareWebForms.csproj", "{62763BB2-942B-49A1-8808-ABB72EBF8942}"
EndProject
Project("{9A19103F-16F7-4668-BE54-9A1E7A4F7556}") = "WebFormsCore.SDK.Core", "sdk\WebFormsCore.SDK.Core\WebFormsCore.SDK.Core.csproj", "{42435A99-61E6-4B34-969E-D428F232430B}"
EndProject
Project("{2150E333-8FDC-42A3-9474-1A3956D46DE8}") = "SDK", "SDK", "{63EBE3DD-1F7B-41D8-9687-BCCA33B81324}"
	ProjectSection(SolutionItems) = preProject
		sdk\Directory.Build.props = sdk\Directory.Build.props
		sdk\Directory.Build.targets = sdk\Directory.Build.targets
	EndProjectSection
EndProject
Project("{9A19103F-16F7-4668-BE54-9A1E7A4F7556}") = "WebFormsCore.SDK.AspNet", "sdk\WebFormsCore.SDK.AspNet\WebFormsCore.SDK.AspNet.csproj", "{FA8142FA-D5A1-42CC-9BBD-9E5A21972314}"
EndProject
Project("{2150E333-8FDC-42A3-9474-1A3956D46DE8}") = "_Solution Items", "_Solution Items", "{B877EA5F-01EF-4767-A1AF-3E5186E7BD6F}"
	ProjectSection(SolutionItems) = preProject
		Directory.Build.props = Directory.Build.props
	EndProjectSection
EndProject
Project("{9A19103F-16F7-4668-BE54-9A1E7A4F7556}") = "WebFormsCore.Compiler", "src\WebFormsCore.Compiler\WebFormsCore.Compiler.csproj", "{AF5CFBF4-A099-4F3C-8B3D-45BA22D000D3}"
EndProject
Project("{FAE04EC0-301F-11D3-BF4B-00C04F79EFBC}") = "WebFormsCore.SDK.AspNetCore", "sdk\WebFormsCore.SDK.AspNetCore\WebFormsCore.SDK.AspNetCore.csproj", "{6BAD926F-C687-4852-9F2E-852F672BCAA8}"
EndProject
Project("{FAE04EC0-301F-11D3-BF4B-00C04F79EFBC}") = "WebFormsCore.SDK", "sdk\WebFormsCore.SDK\WebFormsCore.SDK.csproj", "{829FB9E3-8952-46DF-A854-C9DF7DE0E0E3}"
EndProject
Project("{FAE04EC0-301F-11D3-BF4B-00C04F79EFBC}") = "WebFormsCore.HttpListener.Example", "examples\WebFormsCore.HttpListener.Example\WebFormsCore.HttpListener.Example.csproj", "{DAFCC09E-99DB-4251-87BE-CCF4FE59C1DB}"
EndProject
Project("{2150E333-8FDC-42A3-9474-1A3956D46DE8}") = "Extensions", "Extensions", "{6BD7E14E-80F4-4849-9959-86FD034114D9}"
EndProject
Project("{FAE04EC0-301F-11D3-BF4B-00C04F79EFBC}") = "WebFormsCore.Extensions.Choices", "src\WebFormsCore.Extensions.Choices\WebFormsCore.Extensions.Choices.csproj", "{BFE8DE6E-4BE6-4060-B838-ACBC5E5BECA6}"
EndProject
Project("{FAE04EC0-301F-11D3-BF4B-00C04F79EFBC}") = "WebFormsCore.Extensions.Grid", "src\WebFormsCore.Extensions.Grid\WebFormsCore.Extensions.Grid.csproj", "{FD3DAD2A-6F9C-440C-A427-C1688265EF75}"
EndProject
Project("{FAE04EC0-301F-11D3-BF4B-00C04F79EFBC}") = "WebFormsCore.Extensions.EntityFrameworkCore", "src\WebFormsCore.Extensions.EntityFrameworkCore\WebFormsCore.Extensions.EntityFrameworkCore.csproj", "{064B9336-1C39-41F6-A300-06EDCA35F0E2}"
EndProject
Project("{FAE04EC0-301F-11D3-BF4B-00C04F79EFBC}") = "WebFormsCore.Extensions.ClientResourceManagement", "src\WebFormsCore.Extensions.ClientResourceManagement\WebFormsCore.Extensions.ClientResourceManagement.csproj", "{45A2D922-2E26-4DBF-BEB2-66FF7D82CAE4}"
EndProject
Project("{2150E333-8FDC-42A3-9474-1A3956D46DE8}") = "Smoke Tests", "Smoke Tests", "{E33BEFF2-A3C5-4095-9FE5-4D213CF8AC39}"
EndProject
Project("{2150E333-8FDC-42A3-9474-1A3956D46DE8}") = "Inherit Designer Controls", "Inherit Designer Controls", "{6676E971-745C-4821-996E-C98AF3BD8669}"
EndProject
Project("{FAE04EC0-301F-11D3-BF4B-00C04F79EFBC}") = "Library", "tests\smoke\InheritDesignerControls\Library\Library.csproj", "{6B683F1B-6AC7-4423-8D65-170A0C9F1B30}"
EndProject
Project("{FAE04EC0-301F-11D3-BF4B-00C04F79EFBC}") = "Application", "tests\smoke\InheritDesignerControls\Application\Application.csproj", "{8A710484-78BC-42E9-9A93-EEBA96A613FD}"
EndProject
Project("{FAE04EC0-301F-11D3-BF4B-00C04F79EFBC}") = "WebFormsCore.Extensions.TinyMCE", "src\WebFormsCore.Extensions.TinyMCE\WebFormsCore.Extensions.TinyMCE.csproj", "{174B5089-4D8D-4948-83D6-F107E1603962}"
EndProject
Project("{FAE04EC0-301F-11D3-BF4B-00C04F79EFBC}") = "WebFormsCore.Example.LLVM", "examples\WebFormsCore.Example.LLVM\WebFormsCore.Example.LLVM.csproj", "{49BEA102-DB94-453A-A186-9D57CACEAF87}"
EndProject
Project("{FAE04EC0-301F-11D3-BF4B-00C04F79EFBC}") = "WebFormsCore.SDK.Wasm.LLVM", "sdk\WebFormsCore.SDK.Wasm.LLVM\WebFormsCore.SDK.Wasm.LLVM.csproj", "{05E03DFE-D054-4AE3-8836-59F23A2E7681}"
EndProject
Project("{2150E333-8FDC-42A3-9474-1A3956D46DE8}") = "Source Generators", "Source Generators", "{DFA6049C-4CB4-4E39-ABAF-BBB42B5D6FFC}"
EndProject
Project("{FAE04EC0-301F-11D3-BF4B-00C04F79EFBC}") = "WebFormsCore.SourceGenerator.LLVM", "src\WebFormsCore.SourceGenerator.LLVM\WebFormsCore.SourceGenerator.LLVM.csproj", "{BFC318B5-A4F4-4145-B896-0F5D4AA354A9}"
EndProject
Global
	GlobalSection(SolutionConfigurationPlatforms) = preSolution
		Debug|Any CPU = Debug|Any CPU
		Release|Any CPU = Release|Any CPU
	EndGlobalSection
	GlobalSection(ProjectConfigurationPlatforms) = postSolution
		{33106B64-623F-4DAB-B310-61E5722FDC50}.Debug|Any CPU.ActiveCfg = Debug|Any CPU
		{33106B64-623F-4DAB-B310-61E5722FDC50}.Debug|Any CPU.Build.0 = Debug|Any CPU
		{33106B64-623F-4DAB-B310-61E5722FDC50}.Release|Any CPU.ActiveCfg = Release|Any CPU
		{33106B64-623F-4DAB-B310-61E5722FDC50}.Release|Any CPU.Build.0 = Release|Any CPU
		{CFDDED25-A251-4FFD-A09D-D02C31E60AB3}.Debug|Any CPU.ActiveCfg = Debug|Any CPU
		{CFDDED25-A251-4FFD-A09D-D02C31E60AB3}.Debug|Any CPU.Build.0 = Debug|Any CPU
		{CFDDED25-A251-4FFD-A09D-D02C31E60AB3}.Release|Any CPU.ActiveCfg = Release|Any CPU
		{CFDDED25-A251-4FFD-A09D-D02C31E60AB3}.Release|Any CPU.Build.0 = Release|Any CPU
		{881FCCCB-A725-4631-8E3D-8A745D2B45DB}.Debug|Any CPU.ActiveCfg = Debug|Any CPU
		{881FCCCB-A725-4631-8E3D-8A745D2B45DB}.Debug|Any CPU.Build.0 = Debug|Any CPU
		{881FCCCB-A725-4631-8E3D-8A745D2B45DB}.Release|Any CPU.ActiveCfg = Release|Any CPU
		{881FCCCB-A725-4631-8E3D-8A745D2B45DB}.Release|Any CPU.Build.0 = Release|Any CPU
		{08DE48DE-29C0-4F46-947C-C6F470475A2A}.Debug|Any CPU.ActiveCfg = Debug|Any CPU
		{08DE48DE-29C0-4F46-947C-C6F470475A2A}.Debug|Any CPU.Build.0 = Debug|Any CPU
		{08DE48DE-29C0-4F46-947C-C6F470475A2A}.Release|Any CPU.ActiveCfg = Release|Any CPU
		{08DE48DE-29C0-4F46-947C-C6F470475A2A}.Release|Any CPU.Build.0 = Release|Any CPU
		{C3CC0944-3BB8-449F-97AF-27D574160E65}.Debug|Any CPU.ActiveCfg = Debug|Any CPU
		{C3CC0944-3BB8-449F-97AF-27D574160E65}.Debug|Any CPU.Build.0 = Debug|Any CPU
		{C3CC0944-3BB8-449F-97AF-27D574160E65}.Release|Any CPU.ActiveCfg = Release|Any CPU
		{C3CC0944-3BB8-449F-97AF-27D574160E65}.Release|Any CPU.Build.0 = Release|Any CPU
		{1BF92442-DB6E-468C-8070-3736A855677B}.Debug|Any CPU.ActiveCfg = Debug|Any CPU
		{1BF92442-DB6E-468C-8070-3736A855677B}.Debug|Any CPU.Build.0 = Debug|Any CPU
		{1BF92442-DB6E-468C-8070-3736A855677B}.Release|Any CPU.ActiveCfg = Release|Any CPU
		{1BF92442-DB6E-468C-8070-3736A855677B}.Release|Any CPU.Build.0 = Release|Any CPU
		{CC7EECA5-D7AF-4727-A169-84A59B532093}.Debug|Any CPU.ActiveCfg = Debug|Any CPU
		{CC7EECA5-D7AF-4727-A169-84A59B532093}.Debug|Any CPU.Build.0 = Debug|Any CPU
		{CC7EECA5-D7AF-4727-A169-84A59B532093}.Release|Any CPU.ActiveCfg = Release|Any CPU
		{CC7EECA5-D7AF-4727-A169-84A59B532093}.Release|Any CPU.Build.0 = Release|Any CPU
		{84EEE407-78A2-4729-8ECC-DA59DBE9FF1F}.Debug|Any CPU.ActiveCfg = Debug|Any CPU
		{84EEE407-78A2-4729-8ECC-DA59DBE9FF1F}.Debug|Any CPU.Build.0 = Debug|Any CPU
		{84EEE407-78A2-4729-8ECC-DA59DBE9FF1F}.Release|Any CPU.ActiveCfg = Release|Any CPU
		{84EEE407-78A2-4729-8ECC-DA59DBE9FF1F}.Release|Any CPU.Build.0 = Release|Any CPU
		{62763BB2-942B-49A1-8808-ABB72EBF8942}.Debug|Any CPU.ActiveCfg = Debug|Any CPU
		{62763BB2-942B-49A1-8808-ABB72EBF8942}.Debug|Any CPU.Build.0 = Debug|Any CPU
		{62763BB2-942B-49A1-8808-ABB72EBF8942}.Release|Any CPU.ActiveCfg = Release|Any CPU
		{62763BB2-942B-49A1-8808-ABB72EBF8942}.Release|Any CPU.Build.0 = Release|Any CPU
		{42435A99-61E6-4B34-969E-D428F232430B}.Debug|Any CPU.ActiveCfg = Debug|Any CPU
		{42435A99-61E6-4B34-969E-D428F232430B}.Debug|Any CPU.Build.0 = Debug|Any CPU
		{42435A99-61E6-4B34-969E-D428F232430B}.Release|Any CPU.ActiveCfg = Release|Any CPU
		{42435A99-61E6-4B34-969E-D428F232430B}.Release|Any CPU.Build.0 = Release|Any CPU
		{FA8142FA-D5A1-42CC-9BBD-9E5A21972314}.Debug|Any CPU.ActiveCfg = Debug|Any CPU
		{FA8142FA-D5A1-42CC-9BBD-9E5A21972314}.Debug|Any CPU.Build.0 = Debug|Any CPU
		{FA8142FA-D5A1-42CC-9BBD-9E5A21972314}.Release|Any CPU.ActiveCfg = Release|Any CPU
		{FA8142FA-D5A1-42CC-9BBD-9E5A21972314}.Release|Any CPU.Build.0 = Release|Any CPU
		{AF5CFBF4-A099-4F3C-8B3D-45BA22D000D3}.Debug|Any CPU.ActiveCfg = Debug|Any CPU
		{AF5CFBF4-A099-4F3C-8B3D-45BA22D000D3}.Debug|Any CPU.Build.0 = Debug|Any CPU
		{AF5CFBF4-A099-4F3C-8B3D-45BA22D000D3}.Release|Any CPU.ActiveCfg = Release|Any CPU
		{AF5CFBF4-A099-4F3C-8B3D-45BA22D000D3}.Release|Any CPU.Build.0 = Release|Any CPU
		{6BAD926F-C687-4852-9F2E-852F672BCAA8}.Debug|Any CPU.ActiveCfg = Debug|Any CPU
		{6BAD926F-C687-4852-9F2E-852F672BCAA8}.Debug|Any CPU.Build.0 = Debug|Any CPU
		{6BAD926F-C687-4852-9F2E-852F672BCAA8}.Release|Any CPU.ActiveCfg = Release|Any CPU
		{6BAD926F-C687-4852-9F2E-852F672BCAA8}.Release|Any CPU.Build.0 = Release|Any CPU
		{829FB9E3-8952-46DF-A854-C9DF7DE0E0E3}.Debug|Any CPU.ActiveCfg = Debug|Any CPU
		{829FB9E3-8952-46DF-A854-C9DF7DE0E0E3}.Debug|Any CPU.Build.0 = Debug|Any CPU
		{829FB9E3-8952-46DF-A854-C9DF7DE0E0E3}.Release|Any CPU.ActiveCfg = Release|Any CPU
		{829FB9E3-8952-46DF-A854-C9DF7DE0E0E3}.Release|Any CPU.Build.0 = Release|Any CPU
		{DAFCC09E-99DB-4251-87BE-CCF4FE59C1DB}.Debug|Any CPU.ActiveCfg = Debug|Any CPU
		{DAFCC09E-99DB-4251-87BE-CCF4FE59C1DB}.Debug|Any CPU.Build.0 = Debug|Any CPU
		{DAFCC09E-99DB-4251-87BE-CCF4FE59C1DB}.Release|Any CPU.ActiveCfg = Release|Any CPU
		{DAFCC09E-99DB-4251-87BE-CCF4FE59C1DB}.Release|Any CPU.Build.0 = Release|Any CPU
		{BFE8DE6E-4BE6-4060-B838-ACBC5E5BECA6}.Debug|Any CPU.ActiveCfg = Debug|Any CPU
		{BFE8DE6E-4BE6-4060-B838-ACBC5E5BECA6}.Debug|Any CPU.Build.0 = Debug|Any CPU
		{BFE8DE6E-4BE6-4060-B838-ACBC5E5BECA6}.Release|Any CPU.ActiveCfg = Release|Any CPU
		{BFE8DE6E-4BE6-4060-B838-ACBC5E5BECA6}.Release|Any CPU.Build.0 = Release|Any CPU
		{FD3DAD2A-6F9C-440C-A427-C1688265EF75}.Debug|Any CPU.ActiveCfg = Debug|Any CPU
		{FD3DAD2A-6F9C-440C-A427-C1688265EF75}.Debug|Any CPU.Build.0 = Debug|Any CPU
		{FD3DAD2A-6F9C-440C-A427-C1688265EF75}.Release|Any CPU.ActiveCfg = Release|Any CPU
		{FD3DAD2A-6F9C-440C-A427-C1688265EF75}.Release|Any CPU.Build.0 = Release|Any CPU
		{064B9336-1C39-41F6-A300-06EDCA35F0E2}.Debug|Any CPU.ActiveCfg = Debug|Any CPU
		{064B9336-1C39-41F6-A300-06EDCA35F0E2}.Debug|Any CPU.Build.0 = Debug|Any CPU
		{064B9336-1C39-41F6-A300-06EDCA35F0E2}.Release|Any CPU.ActiveCfg = Release|Any CPU
		{064B9336-1C39-41F6-A300-06EDCA35F0E2}.Release|Any CPU.Build.0 = Release|Any CPU
		{45A2D922-2E26-4DBF-BEB2-66FF7D82CAE4}.Debug|Any CPU.ActiveCfg = Debug|Any CPU
		{45A2D922-2E26-4DBF-BEB2-66FF7D82CAE4}.Debug|Any CPU.Build.0 = Debug|Any CPU
		{45A2D922-2E26-4DBF-BEB2-66FF7D82CAE4}.Release|Any CPU.ActiveCfg = Release|Any CPU
		{45A2D922-2E26-4DBF-BEB2-66FF7D82CAE4}.Release|Any CPU.Build.0 = Release|Any CPU
		{6B683F1B-6AC7-4423-8D65-170A0C9F1B30}.Debug|Any CPU.ActiveCfg = Debug|Any CPU
		{6B683F1B-6AC7-4423-8D65-170A0C9F1B30}.Debug|Any CPU.Build.0 = Debug|Any CPU
		{6B683F1B-6AC7-4423-8D65-170A0C9F1B30}.Release|Any CPU.ActiveCfg = Release|Any CPU
		{6B683F1B-6AC7-4423-8D65-170A0C9F1B30}.Release|Any CPU.Build.0 = Release|Any CPU
		{8A710484-78BC-42E9-9A93-EEBA96A613FD}.Debug|Any CPU.ActiveCfg = Debug|Any CPU
		{8A710484-78BC-42E9-9A93-EEBA96A613FD}.Debug|Any CPU.Build.0 = Debug|Any CPU
		{8A710484-78BC-42E9-9A93-EEBA96A613FD}.Release|Any CPU.ActiveCfg = Release|Any CPU
		{8A710484-78BC-42E9-9A93-EEBA96A613FD}.Release|Any CPU.Build.0 = Release|Any CPU
		{174B5089-4D8D-4948-83D6-F107E1603962}.Debug|Any CPU.ActiveCfg = Debug|Any CPU
		{174B5089-4D8D-4948-83D6-F107E1603962}.Debug|Any CPU.Build.0 = Debug|Any CPU
		{174B5089-4D8D-4948-83D6-F107E1603962}.Release|Any CPU.ActiveCfg = Release|Any CPU
		{174B5089-4D8D-4948-83D6-F107E1603962}.Release|Any CPU.Build.0 = Release|Any CPU
		{49BEA102-DB94-453A-A186-9D57CACEAF87}.Debug|Any CPU.ActiveCfg = Debug|Any CPU
		{49BEA102-DB94-453A-A186-9D57CACEAF87}.Debug|Any CPU.Build.0 = Debug|Any CPU
		{49BEA102-DB94-453A-A186-9D57CACEAF87}.Release|Any CPU.ActiveCfg = Release|Any CPU
		{49BEA102-DB94-453A-A186-9D57CACEAF87}.Release|Any CPU.Build.0 = Release|Any CPU
		{05E03DFE-D054-4AE3-8836-59F23A2E7681}.Debug|Any CPU.ActiveCfg = Debug|Any CPU
		{05E03DFE-D054-4AE3-8836-59F23A2E7681}.Debug|Any CPU.Build.0 = Debug|Any CPU
		{05E03DFE-D054-4AE3-8836-59F23A2E7681}.Release|Any CPU.ActiveCfg = Release|Any CPU
		{05E03DFE-D054-4AE3-8836-59F23A2E7681}.Release|Any CPU.Build.0 = Release|Any CPU
		{BFC318B5-A4F4-4145-B896-0F5D4AA354A9}.Debug|Any CPU.ActiveCfg = Debug|Any CPU
		{BFC318B5-A4F4-4145-B896-0F5D4AA354A9}.Debug|Any CPU.Build.0 = Debug|Any CPU
		{BFC318B5-A4F4-4145-B896-0F5D4AA354A9}.Release|Any CPU.ActiveCfg = Release|Any CPU
		{BFC318B5-A4F4-4145-B896-0F5D4AA354A9}.Release|Any CPU.Build.0 = Release|Any CPU
	EndGlobalSection
	GlobalSection(SolutionProperties) = preSolution
		HideSolutionNode = FALSE
	EndGlobalSection
	GlobalSection(NestedProjects) = preSolution
		{08DE48DE-29C0-4F46-947C-C6F470475A2A} = {726D3801-795C-4C82-8B50-4AB15C7F004B}
		{C3CC0944-3BB8-449F-97AF-27D574160E65} = {210D9008-25A9-4ABE-8C8C-A7FDDC3381F6}
		{1BF92442-DB6E-468C-8070-3736A855677B} = {726D3801-795C-4C82-8B50-4AB15C7F004B}
		{CC7EECA5-D7AF-4727-A169-84A59B532093} = {210D9008-25A9-4ABE-8C8C-A7FDDC3381F6}
		{84EEE407-78A2-4729-8ECC-DA59DBE9FF1F} = {726D3801-795C-4C82-8B50-4AB15C7F004B}
		{62763BB2-942B-49A1-8808-ABB72EBF8942} = {15241878-5EF2-4C83-B402-3709025FACA6}
		{42435A99-61E6-4B34-969E-D428F232430B} = {63EBE3DD-1F7B-41D8-9687-BCCA33B81324}
		{FA8142FA-D5A1-42CC-9BBD-9E5A21972314} = {63EBE3DD-1F7B-41D8-9687-BCCA33B81324}
		{6BAD926F-C687-4852-9F2E-852F672BCAA8} = {63EBE3DD-1F7B-41D8-9687-BCCA33B81324}
		{829FB9E3-8952-46DF-A854-C9DF7DE0E0E3} = {63EBE3DD-1F7B-41D8-9687-BCCA33B81324}
		{DAFCC09E-99DB-4251-87BE-CCF4FE59C1DB} = {210D9008-25A9-4ABE-8C8C-A7FDDC3381F6}
		{BFE8DE6E-4BE6-4060-B838-ACBC5E5BECA6} = {6BD7E14E-80F4-4849-9959-86FD034114D9}
		{FD3DAD2A-6F9C-440C-A427-C1688265EF75} = {6BD7E14E-80F4-4849-9959-86FD034114D9}
		{064B9336-1C39-41F6-A300-06EDCA35F0E2} = {6BD7E14E-80F4-4849-9959-86FD034114D9}
		{45A2D922-2E26-4DBF-BEB2-66FF7D82CAE4} = {6BD7E14E-80F4-4849-9959-86FD034114D9}
		{E33BEFF2-A3C5-4095-9FE5-4D213CF8AC39} = {726D3801-795C-4C82-8B50-4AB15C7F004B}
		{6676E971-745C-4821-996E-C98AF3BD8669} = {E33BEFF2-A3C5-4095-9FE5-4D213CF8AC39}
		{6B683F1B-6AC7-4423-8D65-170A0C9F1B30} = {6676E971-745C-4821-996E-C98AF3BD8669}
		{8A710484-78BC-42E9-9A93-EEBA96A613FD} = {6676E971-745C-4821-996E-C98AF3BD8669}
		{174B5089-4D8D-4948-83D6-F107E1603962} = {6BD7E14E-80F4-4849-9959-86FD034114D9}
		{49BEA102-DB94-453A-A186-9D57CACEAF87} = {210D9008-25A9-4ABE-8C8C-A7FDDC3381F6}
		{05E03DFE-D054-4AE3-8836-59F23A2E7681} = {63EBE3DD-1F7B-41D8-9687-BCCA33B81324}
		{CFDDED25-A251-4FFD-A09D-D02C31E60AB3} = {DFA6049C-4CB4-4E39-ABAF-BBB42B5D6FFC}
		{BFC318B5-A4F4-4145-B896-0F5D4AA354A9} = {DFA6049C-4CB4-4E39-ABAF-BBB42B5D6FFC}
	EndGlobalSection
	GlobalSection(ExtensibilityGlobals) = postSolution
		SolutionGuid = {022403F7-A5A6-4639-8579-D9B56627AE73}
	EndGlobalSection
EndGlobal
