
Microsoft Visual Studio Solution File, Format Version 12.00
# Visual Studio Version 17
VisualStudioVersion = 17.3.32901.215
MinimumVisualStudioVersion = 10.0.40219.1
Project("{9A19103F-16F7-4668-BE54-9A1E7A4F7556}") = "WebForms.Parser", "src\WebForms.Parser\WebForms.Parser.csproj", "{33106B64-623F-4DAB-B310-61E5722FDC50}"
EndProject
Project("{9A19103F-16F7-4668-BE54-9A1E7A4F7556}") = "WebForms.SourceGenerator", "src\WebForms.SourceGenerator\WebForms.SourceGenerator.csproj", "{CFDDED25-A251-4FFD-A09D-D02C31E60AB3}"
EndProject
Project("{9A19103F-16F7-4668-BE54-9A1E7A4F7556}") = "WebForms", "src\WebForms\WebForms.csproj", "{881FCCCB-A725-4631-8E3D-8A745D2B45DB}"
EndProject
Project("{2150E333-8FDC-42A3-9474-1A3956D46DE8}") = "Tests", "Tests", "{726D3801-795C-4C82-8B50-4AB15C7F004B}"
EndProject
Project("{9A19103F-16F7-4668-BE54-9A1E7A4F7556}") = "WebForms.SourceGenerator.Tests", "tests\WebForms.SourceGenerator.Tests\WebForms.SourceGenerator.Tests.csproj", "{08DE48DE-29C0-4F46-947C-C6F470475A2A}"
EndProject
Project("{2150E333-8FDC-42A3-9474-1A3956D46DE8}") = "Examples", "Examples", "{210D9008-25A9-4ABE-8C8C-A7FDDC3381F6}"
EndProject
Project("{9A19103F-16F7-4668-BE54-9A1E7A4F7556}") = "WebForms.Example", "examples\WebForms.Example\WebForms.Example.csproj", "{C3CC0944-3BB8-449F-97AF-27D574160E65}"
EndProject
Project("{9A19103F-16F7-4668-BE54-9A1E7A4F7556}") = "WebForms.AspNetCore", "src\WebForms.AspNetCore\WebForms.AspNetCore.csproj", "{83FD23DA-B242-4D59-B1A6-D8C1BF2916B1}"
EndProject
Project("{FAE04EC0-301F-11D3-BF4B-00C04F79EFBC}") = "WebForms.Tests", "tests\WebForms.Tests\WebForms.Tests.csproj", "{1BF92442-DB6E-468C-8070-3736A855677B}"
EndProject
Global
	GlobalSection(SolutionConfigurationPlatforms) = preSolution
		Debug|Any CPU = Debug|Any CPU
		Release|Any CPU = Release|Any CPU
	EndGlobalSection
	GlobalSection(ProjectConfigurationPlatforms) = postSolution
		{33106B64-623F-4DAB-B310-61E5722FDC50}.Debug|Any CPU.ActiveCfg = Debug|Any CPU
		{33106B64-623F-4DAB-B310-61E5722FDC50}.Debug|Any CPU.Build.0 = Debug|Any CPU
		{33106B64-623F-4DAB-B310-61E5722FDC50}.Release|Any CPU.ActiveCfg = Release|Any CPU
		{33106B64-623F-4DAB-B310-61E5722FDC50}.Release|Any CPU.Build.0 = Release|Any CPU
		{CFDDED25-A251-4FFD-A09D-D02C31E60AB3}.Debug|Any CPU.ActiveCfg = Debug|Any CPU
		{CFDDED25-A251-4FFD-A09D-D02C31E60AB3}.Debug|Any CPU.Build.0 = Debug|Any CPU
		{CFDDED25-A251-4FFD-A09D-D02C31E60AB3}.Release|Any CPU.ActiveCfg = Release|Any CPU
		{CFDDED25-A251-4FFD-A09D-D02C31E60AB3}.Release|Any CPU.Build.0 = Release|Any CPU
		{881FCCCB-A725-4631-8E3D-8A745D2B45DB}.Debug|Any CPU.ActiveCfg = Debug|Any CPU
		{881FCCCB-A725-4631-8E3D-8A745D2B45DB}.Debug|Any CPU.Build.0 = Debug|Any CPU
		{881FCCCB-A725-4631-8E3D-8A745D2B45DB}.Release|Any CPU.ActiveCfg = Release|Any CPU
		{881FCCCB-A725-4631-8E3D-8A745D2B45DB}.Release|Any CPU.Build.0 = Release|Any CPU
		{08DE48DE-29C0-4F46-947C-C6F470475A2A}.Debug|Any CPU.ActiveCfg = Debug|Any CPU
		{08DE48DE-29C0-4F46-947C-C6F470475A2A}.Debug|Any CPU.Build.0 = Debug|Any CPU
		{08DE48DE-29C0-4F46-947C-C6F470475A2A}.Release|Any CPU.ActiveCfg = Release|Any CPU
		{08DE48DE-29C0-4F46-947C-C6F470475A2A}.Release|Any CPU.Build.0 = Release|Any CPU
		{C3CC0944-3BB8-449F-97AF-27D574160E65}.Debug|Any CPU.ActiveCfg = Debug|Any CPU
		{C3CC0944-3BB8-449F-97AF-27D574160E65}.Debug|Any CPU.Build.0 = Debug|Any CPU
		{C3CC0944-3BB8-449F-97AF-27D574160E65}.Release|Any CPU.ActiveCfg = Release|Any CPU
		{C3CC0944-3BB8-449F-97AF-27D574160E65}.Release|Any CPU.Build.0 = Release|Any CPU
		{83FD23DA-B242-4D59-B1A6-D8C1BF2916B1}.Debug|Any CPU.ActiveCfg = Debug|Any CPU
		{83FD23DA-B242-4D59-B1A6-D8C1BF2916B1}.Debug|Any CPU.Build.0 = Debug|Any CPU
		{83FD23DA-B242-4D59-B1A6-D8C1BF2916B1}.Release|Any CPU.ActiveCfg = Release|Any CPU
		{83FD23DA-B242-4D59-B1A6-D8C1BF2916B1}.Release|Any CPU.Build.0 = Release|Any CPU
		{1BF92442-DB6E-468C-8070-3736A855677B}.Debug|Any CPU.ActiveCfg = Debug|Any CPU
		{1BF92442-DB6E-468C-8070-3736A855677B}.Debug|Any CPU.Build.0 = Debug|Any CPU
		{1BF92442-DB6E-468C-8070-3736A855677B}.Release|Any CPU.ActiveCfg = Release|Any CPU
		{1BF92442-DB6E-468C-8070-3736A855677B}.Release|Any CPU.Build.0 = Release|Any CPU
	EndGlobalSection
	GlobalSection(SolutionProperties) = preSolution
		HideSolutionNode = FALSE
	EndGlobalSection
	GlobalSection(NestedProjects) = preSolution
		{08DE48DE-29C0-4F46-947C-C6F470475A2A} = {726D3801-795C-4C82-8B50-4AB15C7F004B}
		{C3CC0944-3BB8-449F-97AF-27D574160E65} = {210D9008-25A9-4ABE-8C8C-A7FDDC3381F6}
		{1BF92442-DB6E-468C-8070-3736A855677B} = {726D3801-795C-4C82-8B50-4AB15C7F004B}
	EndGlobalSection
	GlobalSection(ExtensibilityGlobals) = postSolution
		SolutionGuid = {022403F7-A5A6-4639-8579-D9B56627AE73}
	EndGlobalSection
EndGlobal
